
Microsoft Visual Studio Solution File, Format Version 12.00
# Visual Studio Version 17
VisualStudioVersion = 17.5.002.0
MinimumVisualStudioVersion = 10.0.40219.1
Project("{9A19103F-16F7-4668-BE54-9A1E7A4F7556}") = "demoproductsapi", "demoproductsapi.csproj", "{38BA7A1F-FA93-42DD-A3B1-6A308C8F7291}"
EndProject
Global
	GlobalSection(SolutionConfigurationPlatforms) = preSolution
		Debug|Any CPU = Debug|Any CPU
		Release|Any CPU = Release|Any CPU
	EndGlobalSection
	GlobalSection(ProjectConfigurationPlatforms) = postSolution
		{38BA7A1F-FA93-42DD-A3B1-6A308C8F7291}.Debug|Any CPU.ActiveCfg = Debug|Any CPU
		{38BA7A1F-FA93-42DD-A3B1-6A308C8F7291}.Debug|Any CPU.Build.0 = Debug|Any CPU
		{38BA7A1F-FA93-42DD-A3B1-6A308C8F7291}.Release|Any CPU.ActiveCfg = Release|Any CPU
		{38BA7A1F-FA93-42DD-A3B1-6A308C8F7291}.Release|Any CPU.Build.0 = Release|Any CPU
	EndGlobalSection
	GlobalSection(SolutionProperties) = preSolution
		HideSolutionNode = FALSE
	EndGlobalSection
	GlobalSection(ExtensibilityGlobals) = postSolution
		SolutionGuid = {DBF16AA9-0C1B-46F3-B35E-76A2E22D526A}
	EndGlobalSection
EndGlobal
